// !$*UTF8*$!
{
	archiveVersion = 1;
	classes = {
	};
	objectVersion = 50;
	objects = {

/* Begin PBXBuildFile section */
		21C1340021CE7A8A0067CE7E /* AppDelegate.swift in Sources */ = {isa = PBXBuildFile; fileRef = 21C133FF21CE7A8A0067CE7E /* AppDelegate.swift */; };
		21C1340721CE7A8C0067CE7E /* Assets.xcassets in Resources */ = {isa = PBXBuildFile; fileRef = 21C1340621CE7A8C0067CE7E /* Assets.xcassets */; };
		21C1340A21CE7A8C0067CE7E /* LaunchScreen.storyboard in Resources */ = {isa = PBXBuildFile; fileRef = 21C1340821CE7A8C0067CE7E /* LaunchScreen.storyboard */; };
		21C1341A21CE82E50067CE7E /* Events.storyboard in Resources */ = {isa = PBXBuildFile; fileRef = 21C1341921CE82E50067CE7E /* Events.storyboard */; };
		21C1341C21CE82EE0067CE7E /* EventsViewController.swift in Sources */ = {isa = PBXBuildFile; fileRef = 21C1341B21CE82EE0067CE7E /* EventsViewController.swift */; };
		21C1342621CE876F0067CE7E /* Poppins-Light.ttf in Resources */ = {isa = PBXBuildFile; fileRef = 21C1342121CE876E0067CE7E /* Poppins-Light.ttf */; };
		21C1342721CE876F0067CE7E /* Poppins-Medium.ttf in Resources */ = {isa = PBXBuildFile; fileRef = 21C1342221CE876F0067CE7E /* Poppins-Medium.ttf */; };
		21C1342821CE876F0067CE7E /* Poppins-SemiBold.ttf in Resources */ = {isa = PBXBuildFile; fileRef = 21C1342321CE876F0067CE7E /* Poppins-SemiBold.ttf */; };
		21C1342921CE876F0067CE7E /* Poppins-Bold.ttf in Resources */ = {isa = PBXBuildFile; fileRef = 21C1342421CE876F0067CE7E /* Poppins-Bold.ttf */; };
		21C1342A21CE876F0067CE7E /* Poppins-Regular.ttf in Resources */ = {isa = PBXBuildFile; fileRef = 21C1342521CE876F0067CE7E /* Poppins-Regular.ttf */; };
		21C1342F21CE917F0067CE7E /* UIFont.swift in Sources */ = {isa = PBXBuildFile; fileRef = 21C1342E21CE917F0067CE7E /* UIFont.swift */; };
		21C1343221CE96270067CE7E /* EventsViewModel.swift in Sources */ = {isa = PBXBuildFile; fileRef = 21C1343121CE96270067CE7E /* EventsViewModel.swift */; };
		21C1343521CE96FB0067CE7E /* EventManager.swift in Sources */ = {isa = PBXBuildFile; fileRef = 21C1343421CE96FB0067CE7E /* EventManager.swift */; };
		21C1343721CE98490067CE7E /* Thread.swift in Sources */ = {isa = PBXBuildFile; fileRef = 21C1343621CE98490067CE7E /* Thread.swift */; };
		21C1343C21CE9DF70067CE7E /* VoiceraButton.swift in Sources */ = {isa = PBXBuildFile; fileRef = 21C1343B21CE9DF70067CE7E /* VoiceraButton.swift */; };
		21C1343E21CE9E4A0067CE7E /* UIColor.swift in Sources */ = {isa = PBXBuildFile; fileRef = 21C1343D21CE9E4A0067CE7E /* UIColor.swift */; };
		21C1344021CEA04B0067CE7E /* UIView.swift in Sources */ = {isa = PBXBuildFile; fileRef = 21C1343F21CEA04B0067CE7E /* UIView.swift */; };
		21C1344621CEB3010067CE7E /* Events.swift in Sources */ = {isa = PBXBuildFile; fileRef = 21C1344521CEB3010067CE7E /* Events.swift */; };
		21C1344B21CF96630067CE7E /* EventCell.swift in Sources */ = {isa = PBXBuildFile; fileRef = 21C1344921CF96630067CE7E /* EventCell.swift */; };
		21C1344C21CF96630067CE7E /* EventCell.xib in Resources */ = {isa = PBXBuildFile; fileRef = 21C1344A21CF96630067CE7E /* EventCell.xib */; };
		21C1345021CF96D60067CE7E /* AddEventCell.swift in Sources */ = {isa = PBXBuildFile; fileRef = 21C1344E21CF96D60067CE7E /* AddEventCell.swift */; };
		21C1345121CF96D60067CE7E /* AddEventCell.xib in Resources */ = {isa = PBXBuildFile; fileRef = 21C1344F21CF96D60067CE7E /* AddEventCell.xib */; };
		21C1345521CF99F40067CE7E /* ErrorInformationCell.swift in Sources */ = {isa = PBXBuildFile; fileRef = 21C1345321CF99F40067CE7E /* ErrorInformationCell.swift */; };
		21C1345621CF99F40067CE7E /* ErrorInformationCell.xib in Resources */ = {isa = PBXBuildFile; fileRef = 21C1345421CF99F40067CE7E /* ErrorInformationCell.xib */; };
		21C1345821CF9C430067CE7E /* SimpleCell.swift in Sources */ = {isa = PBXBuildFile; fileRef = 21C1345721CF9C430067CE7E /* SimpleCell.swift */; };
		21C1345A21CFB0290067CE7E /* PressableCell.swift in Sources */ = {isa = PBXBuildFile; fileRef = 21C1345921CFB0290067CE7E /* PressableCell.swift */; };
		21C1345D21CFB5DD0067CE7E /* AddEventViewController.swift in Sources */ = {isa = PBXBuildFile; fileRef = 21C1345C21CFB5DD0067CE7E /* AddEventViewController.swift */; };
		21C1345F21CFB6070067CE7E /* AddEvent.storyboard in Resources */ = {isa = PBXBuildFile; fileRef = 21C1345E21CFB6070067CE7E /* AddEvent.storyboard */; };
		21C1346121CFB6640067CE7E /* AppStoryboard.swift in Sources */ = {isa = PBXBuildFile; fileRef = 21C1346021CFB6640067CE7E /* AppStoryboard.swift */; };
		21C1346421CFB93B0067CE7E /* Constants.swift in Sources */ = {isa = PBXBuildFile; fileRef = 21C1346321CFB93B0067CE7E /* Constants.swift */; };
/* End PBXBuildFile section */

/* Begin PBXFileReference section */
		21C133FC21CE7A8A0067CE7E /* Voicera.app */ = {isa = PBXFileReference; explicitFileType = wrapper.application; includeInIndex = 0; path = Voicera.app; sourceTree = BUILT_PRODUCTS_DIR; };
		21C133FF21CE7A8A0067CE7E /* AppDelegate.swift */ = {isa = PBXFileReference; lastKnownFileType = sourcecode.swift; path = AppDelegate.swift; sourceTree = "<group>"; };
		21C1340621CE7A8C0067CE7E /* Assets.xcassets */ = {isa = PBXFileReference; lastKnownFileType = folder.assetcatalog; path = Assets.xcassets; sourceTree = "<group>"; };
		21C1340921CE7A8C0067CE7E /* Base */ = {isa = PBXFileReference; lastKnownFileType = file.storyboard; name = Base; path = Base.lproj/LaunchScreen.storyboard; sourceTree = "<group>"; };
		21C1340B21CE7A8C0067CE7E /* Info.plist */ = {isa = PBXFileReference; lastKnownFileType = text.plist.xml; path = Info.plist; sourceTree = "<group>"; };
		21C1341921CE82E50067CE7E /* Events.storyboard */ = {isa = PBXFileReference; lastKnownFileType = file.storyboard; path = Events.storyboard; sourceTree = "<group>"; };
		21C1341B21CE82EE0067CE7E /* EventsViewController.swift */ = {isa = PBXFileReference; lastKnownFileType = sourcecode.swift; path = EventsViewController.swift; sourceTree = "<group>"; };
		21C1342121CE876E0067CE7E /* Poppins-Light.ttf */ = {isa = PBXFileReference; lastKnownFileType = file; path = "Poppins-Light.ttf"; sourceTree = "<group>"; };
		21C1342221CE876F0067CE7E /* Poppins-Medium.ttf */ = {isa = PBXFileReference; lastKnownFileType = file; path = "Poppins-Medium.ttf"; sourceTree = "<group>"; };
		21C1342321CE876F0067CE7E /* Poppins-SemiBold.ttf */ = {isa = PBXFileReference; lastKnownFileType = file; path = "Poppins-SemiBold.ttf"; sourceTree = "<group>"; };
		21C1342421CE876F0067CE7E /* Poppins-Bold.ttf */ = {isa = PBXFileReference; lastKnownFileType = file; path = "Poppins-Bold.ttf"; sourceTree = "<group>"; };
		21C1342521CE876F0067CE7E /* Poppins-Regular.ttf */ = {isa = PBXFileReference; lastKnownFileType = file; path = "Poppins-Regular.ttf"; sourceTree = "<group>"; };
		21C1342E21CE917F0067CE7E /* UIFont.swift */ = {isa = PBXFileReference; lastKnownFileType = sourcecode.swift; path = UIFont.swift; sourceTree = "<group>"; };
		21C1343121CE96270067CE7E /* EventsViewModel.swift */ = {isa = PBXFileReference; lastKnownFileType = sourcecode.swift; path = EventsViewModel.swift; sourceTree = "<group>"; };
		21C1343421CE96FB0067CE7E /* EventManager.swift */ = {isa = PBXFileReference; lastKnownFileType = sourcecode.swift; path = EventManager.swift; sourceTree = "<group>"; };
		21C1343621CE98490067CE7E /* Thread.swift */ = {isa = PBXFileReference; lastKnownFileType = sourcecode.swift; path = Thread.swift; sourceTree = "<group>"; };
		21C1343B21CE9DF70067CE7E /* VoiceraButton.swift */ = {isa = PBXFileReference; lastKnownFileType = sourcecode.swift; path = VoiceraButton.swift; sourceTree = "<group>"; };
		21C1343D21CE9E4A0067CE7E /* UIColor.swift */ = {isa = PBXFileReference; lastKnownFileType = sourcecode.swift; path = UIColor.swift; sourceTree = "<group>"; };
		21C1343F21CEA04B0067CE7E /* UIView.swift */ = {isa = PBXFileReference; lastKnownFileType = sourcecode.swift; path = UIView.swift; sourceTree = "<group>"; };
		21C1344521CEB3010067CE7E /* Events.swift */ = {isa = PBXFileReference; lastKnownFileType = sourcecode.swift; path = Events.swift; sourceTree = "<group>"; };
		21C1344921CF96630067CE7E /* EventCell.swift */ = {isa = PBXFileReference; lastKnownFileType = sourcecode.swift; path = EventCell.swift; sourceTree = "<group>"; };
		21C1344A21CF96630067CE7E /* EventCell.xib */ = {isa = PBXFileReference; lastKnownFileType = file.xib; path = EventCell.xib; sourceTree = "<group>"; };
		21C1344E21CF96D60067CE7E /* AddEventCell.swift */ = {isa = PBXFileReference; lastKnownFileType = sourcecode.swift; path = AddEventCell.swift; sourceTree = "<group>"; };
		21C1344F21CF96D60067CE7E /* AddEventCell.xib */ = {isa = PBXFileReference; lastKnownFileType = file.xib; path = AddEventCell.xib; sourceTree = "<group>"; };
		21C1345321CF99F40067CE7E /* ErrorInformationCell.swift */ = {isa = PBXFileReference; lastKnownFileType = sourcecode.swift; path = ErrorInformationCell.swift; sourceTree = "<group>"; };
		21C1345421CF99F40067CE7E /* ErrorInformationCell.xib */ = {isa = PBXFileReference; lastKnownFileType = file.xib; path = ErrorInformationCell.xib; sourceTree = "<group>"; };
		21C1345721CF9C430067CE7E /* SimpleCell.swift */ = {isa = PBXFileReference; lastKnownFileType = sourcecode.swift; path = SimpleCell.swift; sourceTree = "<group>"; };
		21C1345921CFB0290067CE7E /* PressableCell.swift */ = {isa = PBXFileReference; lastKnownFileType = sourcecode.swift; path = PressableCell.swift; sourceTree = "<group>"; };
		21C1345C21CFB5DD0067CE7E /* AddEventViewController.swift */ = {isa = PBXFileReference; lastKnownFileType = sourcecode.swift; path = AddEventViewController.swift; sourceTree = "<group>"; };
		21C1345E21CFB6070067CE7E /* AddEvent.storyboard */ = {isa = PBXFileReference; lastKnownFileType = file.storyboard; path = AddEvent.storyboard; sourceTree = "<group>"; };
		21C1346021CFB6640067CE7E /* AppStoryboard.swift */ = {isa = PBXFileReference; lastKnownFileType = sourcecode.swift; path = AppStoryboard.swift; sourceTree = "<group>"; };
		21C1346321CFB93B0067CE7E /* Constants.swift */ = {isa = PBXFileReference; lastKnownFileType = sourcecode.swift; path = Constants.swift; sourceTree = "<group>"; };
/* End PBXFileReference section */

/* Begin PBXFrameworksBuildPhase section */
		21C133F921CE7A8A0067CE7E /* Frameworks */ = {
			isa = PBXFrameworksBuildPhase;
			buildActionMask = 2147483647;
			files = (
			);
			runOnlyForDeploymentPostprocessing = 0;
		};
/* End PBXFrameworksBuildPhase section */

/* Begin PBXGroup section */
		21C133F321CE7A8A0067CE7E = {
			isa = PBXGroup;
			children = (
				21C133FE21CE7A8A0067CE7E /* Voicera */,
				21C133FD21CE7A8A0067CE7E /* Products */,
			);
			sourceTree = "<group>";
		};
		21C133FD21CE7A8A0067CE7E /* Products */ = {
			isa = PBXGroup;
			children = (
				21C133FC21CE7A8A0067CE7E /* Voicera.app */,
			);
			name = Products;
			sourceTree = "<group>";
		};
		21C133FE21CE7A8A0067CE7E /* Voicera */ = {
			isa = PBXGroup;
			children = (
				21C133FF21CE7A8A0067CE7E /* AppDelegate.swift */,
				21C1340621CE7A8C0067CE7E /* Assets.xcassets */,
				21C1340B21CE7A8C0067CE7E /* Info.plist */,
				21C1340821CE7A8C0067CE7E /* LaunchScreen.storyboard */,
				21C1341E21CE87130067CE7E /* Resources */,
				21C1341221CE7BE00067CE7E /* Code */,
			);
			path = Voicera;
			sourceTree = "<group>";
		};
		21C1341221CE7BE00067CE7E /* Code */ = {
			isa = PBXGroup;
			children = (
				21C1341D21CE83E80067CE7E /* Common */,
				21C1346221CFB92B0067CE7E /* Defines */,
				21C1344121CEAF990067CE7E /* Domain */,
				21C1341521CE80760067CE7E /* Controllers */,
				21C1343021CE960D0067CE7E /* View models */,
				21C1341621CE80880067CE7E /* Views */,
			);
			path = Code;
			sourceTree = "<group>";
		};
		21C1341521CE80760067CE7E /* Controllers */ = {
			isa = PBXGroup;
			children = (
				21C1341821CE82A00067CE7E /* Events */,
				21C1345B21CFB5B50067CE7E /* Add event */,
			);
			path = Controllers;
			sourceTree = "<group>";
		};
		21C1341621CE80880067CE7E /* Views */ = {
			isa = PBXGroup;
			children = (
				21C1344721CF96420067CE7E /* Cells */,
				21C1343A21CE9DD40067CE7E /* Buttons */,
			);
			path = Views;
			sourceTree = "<group>";
		};
		21C1341821CE82A00067CE7E /* Events */ = {
			isa = PBXGroup;
			children = (
				21C1341B21CE82EE0067CE7E /* EventsViewController.swift */,
				21C1341921CE82E50067CE7E /* Events.storyboard */,
			);
			path = Events;
			sourceTree = "<group>";
		};
		21C1341D21CE83E80067CE7E /* Common */ = {
			isa = PBXGroup;
			children = (
				21C1343621CE98490067CE7E /* Thread.swift */,
				21C1343421CE96FB0067CE7E /* EventManager.swift */,
				21C1342D21CE916F0067CE7E /* Extensions */,
				21C1346021CFB6640067CE7E /* AppStoryboard.swift */,
			);
			path = Common;
			sourceTree = "<group>";
		};
		21C1341E21CE87130067CE7E /* Resources */ = {
			isa = PBXGroup;
			children = (
				21C1341F21CE87210067CE7E /* Fonts */,
			);
			path = Resources;
			sourceTree = "<group>";
		};
		21C1341F21CE87210067CE7E /* Fonts */ = {
			isa = PBXGroup;
			children = (
				21C1342021CE87270067CE7E /* Poppins */,
			);
			path = Fonts;
			sourceTree = "<group>";
		};
		21C1342021CE87270067CE7E /* Poppins */ = {
			isa = PBXGroup;
			children = (
				21C1342121CE876E0067CE7E /* Poppins-Light.ttf */,
				21C1342221CE876F0067CE7E /* Poppins-Medium.ttf */,
				21C1342521CE876F0067CE7E /* Poppins-Regular.ttf */,
				21C1342321CE876F0067CE7E /* Poppins-SemiBold.ttf */,
				21C1342421CE876F0067CE7E /* Poppins-Bold.ttf */,
			);
			path = Poppins;
			sourceTree = "<group>";
		};
		21C1342D21CE916F0067CE7E /* Extensions */ = {
			isa = PBXGroup;
			children = (
				21C1342E21CE917F0067CE7E /* UIFont.swift */,
				21C1343D21CE9E4A0067CE7E /* UIColor.swift */,
				21C1343F21CEA04B0067CE7E /* UIView.swift */,
			);
			path = Extensions;
			sourceTree = "<group>";
		};
		21C1343021CE960D0067CE7E /* View models */ = {
			isa = PBXGroup;
			children = (
				21C1343121CE96270067CE7E /* EventsViewModel.swift */,
			);
			path = "View models";
			sourceTree = "<group>";
		};
		21C1343A21CE9DD40067CE7E /* Buttons */ = {
			isa = PBXGroup;
			children = (
				21C1343B21CE9DF70067CE7E /* VoiceraButton.swift */,
			);
			path = Buttons;
			sourceTree = "<group>";
		};
		21C1344121CEAF990067CE7E /* Domain */ = {
			isa = PBXGroup;
			children = (
				21C1344221CEAFA30067CE7E /* Models */,
			);
			path = Domain;
			sourceTree = "<group>";
		};
		21C1344221CEAFA30067CE7E /* Models */ = {
			isa = PBXGroup;
			children = (
				21C1344521CEB3010067CE7E /* Events.swift */,
			);
			path = Models;
			sourceTree = "<group>";
		};
		21C1344721CF96420067CE7E /* Cells */ = {
			isa = PBXGroup;
			children = (
				21C1345721CF9C430067CE7E /* SimpleCell.swift */,
				21C1345921CFB0290067CE7E /* PressableCell.swift */,
				21C1345221CF98130067CE7E /* Error information */,
				21C1344821CF964C0067CE7E /* Event */,
				21C1344D21CF96AE0067CE7E /* Add event */,
			);
			path = Cells;
			sourceTree = "<group>";
		};
		21C1344821CF964C0067CE7E /* Event */ = {
			isa = PBXGroup;
			children = (
				21C1344921CF96630067CE7E /* EventCell.swift */,
				21C1344A21CF96630067CE7E /* EventCell.xib */,
			);
			path = Event;
			sourceTree = "<group>";
		};
		21C1344D21CF96AE0067CE7E /* Add event */ = {
			isa = PBXGroup;
			children = (
				21C1344E21CF96D60067CE7E /* AddEventCell.swift */,
				21C1344F21CF96D60067CE7E /* AddEventCell.xib */,
			);
			path = "Add event";
			sourceTree = "<group>";
		};
		21C1345221CF98130067CE7E /* Error information */ = {
			isa = PBXGroup;
			children = (
				21C1345321CF99F40067CE7E /* ErrorInformationCell.swift */,
				21C1345421CF99F40067CE7E /* ErrorInformationCell.xib */,
			);
			path = "Error information";
			sourceTree = "<group>";
		};
		21C1345B21CFB5B50067CE7E /* Add event */ = {
			isa = PBXGroup;
			children = (
				21C1345C21CFB5DD0067CE7E /* AddEventViewController.swift */,
				21C1345E21CFB6070067CE7E /* AddEvent.storyboard */,
			);
			path = "Add event";
			sourceTree = "<group>";
		};
		21C1346221CFB92B0067CE7E /* Defines */ = {
			isa = PBXGroup;
			children = (
				21C1346321CFB93B0067CE7E /* Constants.swift */,
			);
			path = Defines;
			sourceTree = "<group>";
		};
/* End PBXGroup section */

/* Begin PBXNativeTarget section */
		21C133FB21CE7A8A0067CE7E /* Voicera */ = {
			isa = PBXNativeTarget;
			buildConfigurationList = 21C1340E21CE7A8C0067CE7E /* Build configuration list for PBXNativeTarget "Voicera" */;
			buildPhases = (
				21C133F821CE7A8A0067CE7E /* Sources */,
				21C133F921CE7A8A0067CE7E /* Frameworks */,
				21C133FA21CE7A8A0067CE7E /* Resources */,
			);
			buildRules = (
			);
			dependencies = (
			);
			name = Voicera;
			productName = Voicera;
			productReference = 21C133FC21CE7A8A0067CE7E /* Voicera.app */;
			productType = "com.apple.product-type.application";
		};
/* End PBXNativeTarget section */

/* Begin PBXProject section */
		21C133F421CE7A8A0067CE7E /* Project object */ = {
			isa = PBXProject;
			attributes = {
				LastSwiftUpdateCheck = 1010;
				LastUpgradeCheck = 1010;
				ORGANIZATIONNAME = "Mikael-Melkonyan";
				TargetAttributes = {
					21C133FB21CE7A8A0067CE7E = {
						CreatedOnToolsVersion = 10.1;
					};
				};
			};
			buildConfigurationList = 21C133F721CE7A8A0067CE7E /* Build configuration list for PBXProject "Voicera" */;
			compatibilityVersion = "Xcode 9.3";
			developmentRegion = en;
			hasScannedForEncodings = 0;
			knownRegions = (
				en,
				Base,
			);
			mainGroup = 21C133F321CE7A8A0067CE7E;
			productRefGroup = 21C133FD21CE7A8A0067CE7E /* Products */;
			projectDirPath = "";
			projectRoot = "";
			targets = (
				21C133FB21CE7A8A0067CE7E /* Voicera */,
			);
		};
/* End PBXProject section */

/* Begin PBXResourcesBuildPhase section */
		21C133FA21CE7A8A0067CE7E /* Resources */ = {
			isa = PBXResourcesBuildPhase;
			buildActionMask = 2147483647;
			files = (
				21C1340A21CE7A8C0067CE7E /* LaunchScreen.storyboard in Resources */,
				21C1345F21CFB6070067CE7E /* AddEvent.storyboard in Resources */,
				21C1340721CE7A8C0067CE7E /* Assets.xcassets in Resources */,
				21C1342921CE876F0067CE7E /* Poppins-Bold.ttf in Resources */,
				21C1341A21CE82E50067CE7E /* Events.storyboard in Resources */,
				21C1342821CE876F0067CE7E /* Poppins-SemiBold.ttf in Resources */,
				21C1342621CE876F0067CE7E /* Poppins-Light.ttf in Resources */,
				21C1345121CF96D60067CE7E /* AddEventCell.xib in Resources */,
				21C1342721CE876F0067CE7E /* Poppins-Medium.ttf in Resources */,
				21C1344C21CF96630067CE7E /* EventCell.xib in Resources */,
				21C1342A21CE876F0067CE7E /* Poppins-Regular.ttf in Resources */,
				21C1345621CF99F40067CE7E /* ErrorInformationCell.xib in Resources */,
			);
			runOnlyForDeploymentPostprocessing = 0;
		};
/* End PBXResourcesBuildPhase section */

/* Begin PBXSourcesBuildPhase section */
		21C133F821CE7A8A0067CE7E /* Sources */ = {
			isa = PBXSourcesBuildPhase;
			buildActionMask = 2147483647;
			files = (
				21C1345021CF96D60067CE7E /* AddEventCell.swift in Sources */,
				21C1345D21CFB5DD0067CE7E /* AddEventViewController.swift in Sources */,
				21C1343E21CE9E4A0067CE7E /* UIColor.swift in Sources */,
				21C1343521CE96FB0067CE7E /* EventManager.swift in Sources */,
				21C1345821CF9C430067CE7E /* SimpleCell.swift in Sources */,
				21C1343721CE98490067CE7E /* Thread.swift in Sources */,
				21C1346121CFB6640067CE7E /* AppStoryboard.swift in Sources */,
				21C1341C21CE82EE0067CE7E /* EventsViewController.swift in Sources */,
				21C1344621CEB3010067CE7E /* Events.swift in Sources */,
				21C1343221CE96270067CE7E /* EventsViewModel.swift in Sources */,
				21C1344B21CF96630067CE7E /* EventCell.swift in Sources */,
				21C1340021CE7A8A0067CE7E /* AppDelegate.swift in Sources */,
				21C1343C21CE9DF70067CE7E /* VoiceraButton.swift in Sources */,
				21C1345A21CFB0290067CE7E /* PressableCell.swift in Sources */,
				21C1344021CEA04B0067CE7E /* UIView.swift in Sources */,
				21C1342F21CE917F0067CE7E /* UIFont.swift in Sources */,
				21C1345521CF99F40067CE7E /* ErrorInformationCell.swift in Sources */,
				21C1346421CFB93B0067CE7E /* Constants.swift in Sources */,
			);
			runOnlyForDeploymentPostprocessing = 0;
		};
/* End PBXSourcesBuildPhase section */

/* Begin PBXVariantGroup section */
		21C1340821CE7A8C0067CE7E /* LaunchScreen.storyboard */ = {
			isa = PBXVariantGroup;
			children = (
				21C1340921CE7A8C0067CE7E /* Base */,
			);
			name = LaunchScreen.storyboard;
			sourceTree = "<group>";
		};
/* End PBXVariantGroup section */

/* Begin XCBuildConfiguration section */
		21C1340C21CE7A8C0067CE7E /* Debug */ = {
			isa = XCBuildConfiguration;
			buildSettings = {
				ALWAYS_SEARCH_USER_PATHS = NO;
				CLANG_ANALYZER_NONNULL = YES;
				CLANG_ANALYZER_NUMBER_OBJECT_CONVERSION = YES_AGGRESSIVE;
				CLANG_CXX_LANGUAGE_STANDARD = "gnu++14";
				CLANG_CXX_LIBRARY = "libc++";
				CLANG_ENABLE_MODULES = YES;
				CLANG_ENABLE_OBJC_ARC = YES;
				CLANG_ENABLE_OBJC_WEAK = YES;
				CLANG_WARN_BLOCK_CAPTURE_AUTORELEASING = YES;
				CLANG_WARN_BOOL_CONVERSION = YES;
				CLANG_WARN_COMMA = YES;
				CLANG_WARN_CONSTANT_CONVERSION = YES;
				CLANG_WARN_DEPRECATED_OBJC_IMPLEMENTATIONS = YES;
				CLANG_WARN_DIRECT_OBJC_ISA_USAGE = YES_ERROR;
				CLANG_WARN_DOCUMENTATION_COMMENTS = YES;
				CLANG_WARN_EMPTY_BODY = YES;
				CLANG_WARN_ENUM_CONVERSION = YES;
				CLANG_WARN_INFINITE_RECURSION = YES;
				CLANG_WARN_INT_CONVERSION = YES;
				CLANG_WARN_NON_LITERAL_NULL_CONVERSION = YES;
				CLANG_WARN_OBJC_IMPLICIT_RETAIN_SELF = YES;
				CLANG_WARN_OBJC_LITERAL_CONVERSION = YES;
				CLANG_WARN_OBJC_ROOT_CLASS = YES_ERROR;
				CLANG_WARN_RANGE_LOOP_ANALYSIS = YES;
				CLANG_WARN_STRICT_PROTOTYPES = YES;
				CLANG_WARN_SUSPICIOUS_MOVE = YES;
				CLANG_WARN_UNGUARDED_AVAILABILITY = YES_AGGRESSIVE;
				CLANG_WARN_UNREACHABLE_CODE = YES;
				CLANG_WARN__DUPLICATE_METHOD_MATCH = YES;
				CODE_SIGN_IDENTITY = "iPhone Developer";
				COPY_PHASE_STRIP = NO;
				DEBUG_INFORMATION_FORMAT = dwarf;
				ENABLE_STRICT_OBJC_MSGSEND = YES;
				ENABLE_TESTABILITY = YES;
				GCC_C_LANGUAGE_STANDARD = gnu11;
				GCC_DYNAMIC_NO_PIC = NO;
				GCC_NO_COMMON_BLOCKS = YES;
				GCC_OPTIMIZATION_LEVEL = 0;
				GCC_PREPROCESSOR_DEFINITIONS = (
					"DEBUG=1",
					"$(inherited)",
				);
				GCC_WARN_64_TO_32_BIT_CONVERSION = YES;
				GCC_WARN_ABOUT_RETURN_TYPE = YES_ERROR;
				GCC_WARN_UNDECLARED_SELECTOR = YES;
				GCC_WARN_UNINITIALIZED_AUTOS = YES_AGGRESSIVE;
				GCC_WARN_UNUSED_FUNCTION = YES;
				GCC_WARN_UNUSED_VARIABLE = YES;
				IPHONEOS_DEPLOYMENT_TARGET = 12.1;
				MTL_ENABLE_DEBUG_INFO = INCLUDE_SOURCE;
				MTL_FAST_MATH = YES;
				ONLY_ACTIVE_ARCH = YES;
				SDKROOT = iphoneos;
				SWIFT_ACTIVE_COMPILATION_CONDITIONS = DEBUG;
				SWIFT_OPTIMIZATION_LEVEL = "-Onone";
			};
			name = Debug;
		};
		21C1340D21CE7A8C0067CE7E /* Release */ = {
			isa = XCBuildConfiguration;
			buildSettings = {
				ALWAYS_SEARCH_USER_PATHS = NO;
				CLANG_ANALYZER_NONNULL = YES;
				CLANG_ANALYZER_NUMBER_OBJECT_CONVERSION = YES_AGGRESSIVE;
				CLANG_CXX_LANGUAGE_STANDARD = "gnu++14";
				CLANG_CXX_LIBRARY = "libc++";
				CLANG_ENABLE_MODULES = YES;
				CLANG_ENABLE_OBJC_ARC = YES;
				CLANG_ENABLE_OBJC_WEAK = YES;
				CLANG_WARN_BLOCK_CAPTURE_AUTORELEASING = YES;
				CLANG_WARN_BOOL_CONVERSION = YES;
				CLANG_WARN_COMMA = YES;
				CLANG_WARN_CONSTANT_CONVERSION = YES;
				CLANG_WARN_DEPRECATED_OBJC_IMPLEMENTATIONS = YES;
				CLANG_WARN_DIRECT_OBJC_ISA_USAGE = YES_ERROR;
				CLANG_WARN_DOCUMENTATION_COMMENTS = YES;
				CLANG_WARN_EMPTY_BODY = YES;
				CLANG_WARN_ENUM_CONVERSION = YES;
				CLANG_WARN_INFINITE_RECURSION = YES;
				CLANG_WARN_INT_CONVERSION = YES;
				CLANG_WARN_NON_LITERAL_NULL_CONVERSION = YES;
				CLANG_WARN_OBJC_IMPLICIT_RETAIN_SELF = YES;
				CLANG_WARN_OBJC_LITERAL_CONVERSION = YES;
				CLANG_WARN_OBJC_ROOT_CLASS = YES_ERROR;
				CLANG_WARN_RANGE_LOOP_ANALYSIS = YES;
				CLANG_WARN_STRICT_PROTOTYPES = YES;
				CLANG_WARN_SUSPICIOUS_MOVE = YES;
				CLANG_WARN_UNGUARDED_AVAILABILITY = YES_AGGRESSIVE;
				CLANG_WARN_UNREACHABLE_CODE = YES;
				CLANG_WARN__DUPLICATE_METHOD_MATCH = YES;
				CODE_SIGN_IDENTITY = "iPhone Developer";
				COPY_PHASE_STRIP = NO;
				DEBUG_INFORMATION_FORMAT = "dwarf-with-dsym";
				ENABLE_NS_ASSERTIONS = NO;
				ENABLE_STRICT_OBJC_MSGSEND = YES;
				GCC_C_LANGUAGE_STANDARD = gnu11;
				GCC_NO_COMMON_BLOCKS = YES;
				GCC_WARN_64_TO_32_BIT_CONVERSION = YES;
				GCC_WARN_ABOUT_RETURN_TYPE = YES_ERROR;
				GCC_WARN_UNDECLARED_SELECTOR = YES;
				GCC_WARN_UNINITIALIZED_AUTOS = YES_AGGRESSIVE;
				GCC_WARN_UNUSED_FUNCTION = YES;
				GCC_WARN_UNUSED_VARIABLE = YES;
				IPHONEOS_DEPLOYMENT_TARGET = 12.1;
				MTL_ENABLE_DEBUG_INFO = NO;
				MTL_FAST_MATH = YES;
				SDKROOT = iphoneos;
				SWIFT_COMPILATION_MODE = wholemodule;
				SWIFT_OPTIMIZATION_LEVEL = "-O";
				VALIDATE_PRODUCT = YES;
			};
			name = Release;
		};
		21C1340F21CE7A8C0067CE7E /* Debug */ = {
			isa = XCBuildConfiguration;
			buildSettings = {
				ASSETCATALOG_COMPILER_APPICON_NAME = AppIcon;
				CODE_SIGN_STYLE = Automatic;
				DEVELOPMENT_TEAM = NP78NRZ4Q7;
				INFOPLIST_FILE = Voicera/Info.plist;
				IPHONEOS_DEPLOYMENT_TARGET = 11.0;
				LD_RUNPATH_SEARCH_PATHS = (
					"$(inherited)",
					"@executable_path/Frameworks",
				);
				PRODUCT_BUNDLE_IDENTIFIER = "Mikael-Melkonyan.Voicera";
				PRODUCT_NAME = "$(TARGET_NAME)";
				SWIFT_VERSION = 4.2;
				TARGETED_DEVICE_FAMILY = 1;
			};
			name = Debug;
		};
		21C1341021CE7A8C0067CE7E /* Release */ = {
			isa = XCBuildConfiguration;
			buildSettings = {
				ASSETCATALOG_COMPILER_APPICON_NAME = AppIcon;
				CODE_SIGN_STYLE = Automatic;
				DEVELOPMENT_TEAM = NP78NRZ4Q7;
				INFOPLIST_FILE = Voicera/Info.plist;
				IPHONEOS_DEPLOYMENT_TARGET = 11.0;
				LD_RUNPATH_SEARCH_PATHS = (
					"$(inherited)",
					"@executable_path/Frameworks",
				);
				PRODUCT_BUNDLE_IDENTIFIER = "Mikael-Melkonyan.Voicera";
				PRODUCT_NAME = "$(TARGET_NAME)";
				SWIFT_VERSION = 4.2;
				TARGETED_DEVICE_FAMILY = 1;
			};
			name = Release;
		};
/* End XCBuildConfiguration section */

/* Begin XCConfigurationList section */
		21C133F721CE7A8A0067CE7E /* Build configuration list for PBXProject "Voicera" */ = {
			isa = XCConfigurationList;
			buildConfigurations = (
				21C1340C21CE7A8C0067CE7E /* Debug */,
				21C1340D21CE7A8C0067CE7E /* Release */,
			);
			defaultConfigurationIsVisible = 0;
			defaultConfigurationName = Release;
		};
		21C1340E21CE7A8C0067CE7E /* Build configuration list for PBXNativeTarget "Voicera" */ = {
			isa = XCConfigurationList;
			buildConfigurations = (
				21C1340F21CE7A8C0067CE7E /* Debug */,
				21C1341021CE7A8C0067CE7E /* Release */,
			);
			defaultConfigurationIsVisible = 0;
			defaultConfigurationName = Release;
		};
/* End XCConfigurationList section */
	};
	rootObject = 21C133F421CE7A8A0067CE7E /* Project object */;
}
